
Microsoft Visual Studio Solution File, Format Version 12.00
Project("{FAE04EC0-301F-11D3-BF4B-00C04F79EFBC}") = "Labb2-Arv", "Labb2-Arv.csproj", "{588227FE-3C5B-4381-BFAC-65B2E546D472}"
EndProject
Global
	GlobalSection(SolutionConfigurationPlatforms) = preSolution
		Debug|Any CPU = Debug|Any CPU
		Release|Any CPU = Release|Any CPU
	EndGlobalSection
	GlobalSection(ProjectConfigurationPlatforms) = postSolution
		{588227FE-3C5B-4381-BFAC-65B2E546D472}.Debug|Any CPU.ActiveCfg = Debug|Any CPU
		{588227FE-3C5B-4381-BFAC-65B2E546D472}.Debug|Any CPU.Build.0 = Debug|Any CPU
		{588227FE-3C5B-4381-BFAC-65B2E546D472}.Release|Any CPU.ActiveCfg = Release|Any CPU
		{588227FE-3C5B-4381-BFAC-65B2E546D472}.Release|Any CPU.Build.0 = Release|Any CPU
	EndGlobalSection
EndGlobal
